# This file is automatically @generated by Cargo.
# It is not intended for manual editing.
version = 4

[[package]]
name = "cli"
version = "0.1.0"
dependencies = [
 "core",
 "engine",
 "mapping",
]

[[package]]
name = "core"
version = "0.1.0"

[[package]]
name = "engine"
version = "0.1.0"
dependencies = [
 "core",
 "functions",
 "mapping",
]

[[package]]
name = "format-csv"
version = "0.1.0"
dependencies = [
 "core",
]

[[package]]
name = "format-db"
version = "0.1.0"
dependencies = [
 "core",
]

[[package]]
name = "format-json"
version = "0.1.0"
dependencies = [
 "core",
]

[[package]]
name = "format-xml"
version = "0.1.0"
dependencies = [
 "core",
]

[[package]]
name = "functions"
version = "0.1.0"
dependencies = [
 "core",
]

[[package]]
name = "gui"
version = "0.1.0"
dependencies = [
 "core",
 "engine",
 "mapping",
]

[[package]]
name = "mapping"
version = "0.1.0"
dependencies = [
 "core",
]
